
Microsoft Visual Studio Solution File, Format Version 12.00
# Visual Studio 15
VisualStudioVersion = 15.0.28307.106
MinimumVisualStudioVersion = 10.0.40219.1
Project("{FAE04EC0-301F-11D3-BF4B-00C04F79EFBC}") = "Cafocha", "Cafocha\Cafocha.csproj", "{DA90DECE-1A68-478E-A158-18856C871CFE}"
EndProject
Project("{FAE04EC0-301F-11D3-BF4B-00C04F79EFBC}") = "CafochaTests", "CafochaTests\CafochaTests.csproj", "{5791D5EC-F5D0-4438-97F3-E1D644C9E33D}"
EndProject
Project("{54435603-DBB4-11D2-8724-00A0C9A8B90C}") = "CafochaSetup", "CafochaSetup\CafochaSetup.vdproj", "{AF98D0DA-7A73-407B-A4D1-BE57497A429B}"
EndProject
Global
	GlobalSection(SolutionConfigurationPlatforms) = preSolution
		Debug|Any CPU = Debug|Any CPU
		Debug|x64 = Debug|x64
		Release|Any CPU = Release|Any CPU
		Release|x64 = Release|x64
	EndGlobalSection
	GlobalSection(ProjectConfigurationPlatforms) = postSolution
		{DA90DECE-1A68-478E-A158-18856C871CFE}.Debug|Any CPU.ActiveCfg = Debug|Any CPU
		{DA90DECE-1A68-478E-A158-18856C871CFE}.Debug|Any CPU.Build.0 = Debug|Any CPU
		{DA90DECE-1A68-478E-A158-18856C871CFE}.Debug|x64.ActiveCfg = Debug|x64
		{DA90DECE-1A68-478E-A158-18856C871CFE}.Debug|x64.Build.0 = Debug|x64
		{DA90DECE-1A68-478E-A158-18856C871CFE}.Release|Any CPU.ActiveCfg = Release|Any CPU
		{DA90DECE-1A68-478E-A158-18856C871CFE}.Release|Any CPU.Build.0 = Release|Any CPU
		{DA90DECE-1A68-478E-A158-18856C871CFE}.Release|x64.ActiveCfg = Release|x64
		{DA90DECE-1A68-478E-A158-18856C871CFE}.Release|x64.Build.0 = Release|x64
		{5791D5EC-F5D0-4438-97F3-E1D644C9E33D}.Debug|Any CPU.ActiveCfg = Debug|Any CPU
		{5791D5EC-F5D0-4438-97F3-E1D644C9E33D}.Debug|Any CPU.Build.0 = Debug|Any CPU
		{5791D5EC-F5D0-4438-97F3-E1D644C9E33D}.Debug|x64.ActiveCfg = Debug|Any CPU
		{5791D5EC-F5D0-4438-97F3-E1D644C9E33D}.Debug|x64.Build.0 = Debug|Any CPU
		{5791D5EC-F5D0-4438-97F3-E1D644C9E33D}.Release|Any CPU.ActiveCfg = Release|Any CPU
		{5791D5EC-F5D0-4438-97F3-E1D644C9E33D}.Release|Any CPU.Build.0 = Release|Any CPU
		{5791D5EC-F5D0-4438-97F3-E1D644C9E33D}.Release|x64.ActiveCfg = Release|Any CPU
		{5791D5EC-F5D0-4438-97F3-E1D644C9E33D}.Release|x64.Build.0 = Release|Any CPU
		{AF98D0DA-7A73-407B-A4D1-BE57497A429B}.Debug|Any CPU.ActiveCfg = Debug
		{AF98D0DA-7A73-407B-A4D1-BE57497A429B}.Debug|x64.ActiveCfg = Debug
		{AF98D0DA-7A73-407B-A4D1-BE57497A429B}.Release|Any CPU.ActiveCfg = Release
		{AF98D0DA-7A73-407B-A4D1-BE57497A429B}.Release|x64.ActiveCfg = Release
	EndGlobalSection
	GlobalSection(SolutionProperties) = preSolution
		HideSolutionNode = FALSE
	EndGlobalSection
	GlobalSection(ExtensibilityGlobals) = postSolution
		SolutionGuid = {9D70F515-5066-4301-8C41-84EB87705998}
	EndGlobalSection
EndGlobal
